// !$*UTF8*$!
{
	archiveVersion = 1;
	classes = {
	};
	objectVersion = 56;
	objects = {

/* Begin PBXBuildFile section */
		2333A3F22C0633F1006DD812 /* Storyboard.storyboard in Resources */ = {isa = PBXBuildFile; fileRef = 2333A3F12C0633F1006DD812 /* Storyboard.storyboard */; };
		233AB8862C19CB1C005DEC2B /* CandidateManagementTests.swift in Sources */ = {isa = PBXBuildFile; fileRef = 233AB8852C19CB1C005DEC2B /* CandidateManagementTests.swift */; };
		233AB8892C19EF6E005DEC2B /* LoginViewModelTests.swift in Sources */ = {isa = PBXBuildFile; fileRef = 233AB8882C19EF6E005DEC2B /* LoginViewModelTests.swift */; };
		234BDF892BEFEC7E00C96E42 /* VitesseApp.swift in Sources */ = {isa = PBXBuildFile; fileRef = 234BDF882BEFEC7E00C96E42 /* VitesseApp.swift */; };
		234BDF8B2BEFEC7E00C96E42 /* LoginView.swift in Sources */ = {isa = PBXBuildFile; fileRef = 234BDF8A2BEFEC7E00C96E42 /* LoginView.swift */; };
		234BDF8D2BEFEC8500C96E42 /* Assets.xcassets in Resources */ = {isa = PBXBuildFile; fileRef = 234BDF8C2BEFEC8500C96E42 /* Assets.xcassets */; };
		234BDF902BEFEC8500C96E42 /* Preview Assets.xcassets in Resources */ = {isa = PBXBuildFile; fileRef = 234BDF8F2BEFEC8500C96E42 /* Preview Assets.xcassets */; };
		238F3B832C1A2D70000269ED /* CandidateListViewModelTests.swift in Sources */ = {isa = PBXBuildFile; fileRef = 238F3B822C1A2D70000269ED /* CandidateListViewModelTests.swift */; };
		239640B72C172FDE00F123E6 /* LoginTests.swift in Sources */ = {isa = PBXBuildFile; fileRef = 239640B62C172FDE00F123E6 /* LoginTests.swift */; };
		23C0FC022BFF785F004A5D9C /* CandidateManagement.swift in Sources */ = {isa = PBXBuildFile; fileRef = 23C0FC012BFF785F004A5D9C /* CandidateManagement.swift */; };
		23C0FC042BFF7E98004A5D9C /* CandidateDataManager.swift in Sources */ = {isa = PBXBuildFile; fileRef = 23C0FC032BFF7E98004A5D9C /* CandidateDataManager.swift */; };
		23C0FC062BFF87D7004A5D9C /* CandidateListViewModel.swift in Sources */ = {isa = PBXBuildFile; fileRef = 23C0FC052BFF87D6004A5D9C /* CandidateListViewModel.swift */; };
		23C0FC082BFF98CE004A5D9C /* CandidateDetailsManagerVieModel.swift in Sources */ = {isa = PBXBuildFile; fileRef = 23C0FC072BFF98CE004A5D9C /* CandidateDetailsManagerVieModel.swift */; };
		23D1FE852BF74C2500F3FA1E /* Keychain.swift in Sources */ = {isa = PBXBuildFile; fileRef = 23D1FE842BF74C2500F3FA1E /* Keychain.swift */; };
		23D1FE872BF74CB700F3FA1E /* TokenStore.swift in Sources */ = {isa = PBXBuildFile; fileRef = 23D1FE862BF74CB700F3FA1E /* TokenStore.swift */; };
		23D1FE8B2BF7BDAD00F3FA1E /* CandidateInformation.swift in Sources */ = {isa = PBXBuildFile; fileRef = 23D1FE8A2BF7BDAD00F3FA1E /* CandidateInformation.swift */; };
		23D3BAE22C2199F7007C58A7 /* KeychainTests.swift in Sources */ = {isa = PBXBuildFile; fileRef = 23D3BAE12C2199F7007C58A7 /* KeychainTests.swift */; };
		23D3BAE42C222B1C007C58A7 /* CandidateDetailsManagerViewModelTests.swift in Sources */ = {isa = PBXBuildFile; fileRef = 23D3BAE32C222B1C007C58A7 /* CandidateDetailsManagerViewModelTests.swift */; };
		23D88E4A2C1A0C4C00DD73E7 /* RegisterViewModelTests.swift in Sources */ = {isa = PBXBuildFile; fileRef = 23D88E492C1A0C4C00DD73E7 /* RegisterViewModelTests.swift */; };
		23D8A2972BF4DAF9006FC31E /* JSONAuthentification.swift in Sources */ = {isa = PBXBuildFile; fileRef = 23D8A2962BF4DAF9006FC31E /* JSONAuthentification.swift */; };
		23D8A2992BF509B1006FC31E /* RegistrationView.swift in Sources */ = {isa = PBXBuildFile; fileRef = 23D8A2982BF509B1006FC31E /* RegistrationView.swift */; };
		23E2DD0E2BF3A49900C28A1F /* LoginViewModel.swift in Sources */ = {isa = PBXBuildFile; fileRef = 23E2DD0D2BF3A49900C28A1F /* LoginViewModel.swift */; };
		23E2DD102BF3A8D200C28A1F /* VitesseViewModel.swift in Sources */ = {isa = PBXBuildFile; fileRef = 23E2DD0F2BF3A8D100C28A1F /* VitesseViewModel.swift */; };
		23E2DD122BF3B69E00C28A1F /* CandidatesListView.swift in Sources */ = {isa = PBXBuildFile; fileRef = 23E2DD112BF3B69E00C28A1F /* CandidatesListView.swift */; };
		23E2DD142BF3B7A300C28A1F /* HTTPService.swift in Sources */ = {isa = PBXBuildFile; fileRef = 23E2DD132BF3B7A300C28A1F /* HTTPService.swift */; };
		23E2DD162BF3B82B00C28A1F /* URLSessionHTTPClient.swift in Sources */ = {isa = PBXBuildFile; fileRef = 23E2DD152BF3B82B00C28A1F /* URLSessionHTTPClient.swift */; };
		23E2DD1D2BF3CB1900C28A1F /* LoginJSONModel.swift in Sources */ = {isa = PBXBuildFile; fileRef = 23E2DD1C2BF3CB1900C28A1F /* LoginJSONModel.swift */; };
		23E2DD1F2BF3D2D300C28A1F /* AuthenticationManager.swift in Sources */ = {isa = PBXBuildFile; fileRef = 23E2DD1E2BF3D2D300C28A1F /* AuthenticationManager.swift */; };
		23E8F3312C1855A600008C9E /* RegistreTests.swift in Sources */ = {isa = PBXBuildFile; fileRef = 23E8F3302C1855A600008C9E /* RegistreTests.swift */; };
		23E8F3362C18796200008C9E /* CandidateDataManagerTests.swift in Sources */ = {isa = PBXBuildFile; fileRef = 23E8F3352C18796200008C9E /* CandidateDataManagerTests.swift */; };
		23E9EB962BFDFD09004B0366 /* CandidateDetailsView.swift in Sources */ = {isa = PBXBuildFile; fileRef = 23E9EB952BFDFD09004B0366 /* CandidateDetailsView.swift */; };
		23ED07502BF61C61006FECD3 /* RegistrationRequestBuilder.swift in Sources */ = {isa = PBXBuildFile; fileRef = 23ED074F2BF61C61006FECD3 /* RegistrationRequestBuilder.swift */; };
		23ED07522BF61E85006FECD3 /* RegistrationRequestBody.swift in Sources */ = {isa = PBXBuildFile; fileRef = 23ED07512BF61E85006FECD3 /* RegistrationRequestBody.swift */; };
		23ED07542BF641AA006FECD3 /* RegisterViewModel.swift in Sources */ = {isa = PBXBuildFile; fileRef = 23ED07532BF641AA006FECD3 /* RegisterViewModel.swift */; };
/* End PBXBuildFile section */

/* Begin PBXContainerItemProxy section */
		239640B82C172FDE00F123E6 /* PBXContainerItemProxy */ = {
			isa = PBXContainerItemProxy;
			containerPortal = 234BDF7D2BEFEC7E00C96E42 /* Project object */;
			proxyType = 1;
			remoteGlobalIDString = 234BDF842BEFEC7E00C96E42;
			remoteInfo = Vitesse;
		};
/* End PBXContainerItemProxy section */

/* Begin PBXFileReference section */
		2333A3F02C06326C006DD812 /* Info.plist */ = {isa = PBXFileReference; lastKnownFileType = text.plist; path = Info.plist; sourceTree = "<group>"; };
		2333A3F12C0633F1006DD812 /* Storyboard.storyboard */ = {isa = PBXFileReference; lastKnownFileType = file.storyboard; path = Storyboard.storyboard; sourceTree = "<group>"; };
		233AB8852C19CB1C005DEC2B /* CandidateManagementTests.swift */ = {isa = PBXFileReference; lastKnownFileType = sourcecode.swift; path = CandidateManagementTests.swift; sourceTree = "<group>"; };
		233AB8882C19EF6E005DEC2B /* LoginViewModelTests.swift */ = {isa = PBXFileReference; lastKnownFileType = sourcecode.swift; path = LoginViewModelTests.swift; sourceTree = "<group>"; };
		234BDF852BEFEC7E00C96E42 /* Vitesse.app */ = {isa = PBXFileReference; explicitFileType = wrapper.application; includeInIndex = 0; path = Vitesse.app; sourceTree = BUILT_PRODUCTS_DIR; };
		234BDF882BEFEC7E00C96E42 /* VitesseApp.swift */ = {isa = PBXFileReference; lastKnownFileType = sourcecode.swift; path = VitesseApp.swift; sourceTree = "<group>"; };
		234BDF8A2BEFEC7E00C96E42 /* LoginView.swift */ = {isa = PBXFileReference; lastKnownFileType = sourcecode.swift; path = LoginView.swift; sourceTree = "<group>"; };
		234BDF8C2BEFEC8500C96E42 /* Assets.xcassets */ = {isa = PBXFileReference; lastKnownFileType = folder.assetcatalog; path = Assets.xcassets; sourceTree = "<group>"; };
		234BDF8F2BEFEC8500C96E42 /* Preview Assets.xcassets */ = {isa = PBXFileReference; lastKnownFileType = folder.assetcatalog; path = "Preview Assets.xcassets"; sourceTree = "<group>"; };
		238F3B822C1A2D70000269ED /* CandidateListViewModelTests.swift */ = {isa = PBXFileReference; lastKnownFileType = sourcecode.swift; path = CandidateListViewModelTests.swift; sourceTree = "<group>"; };
		239640B42C172FDE00F123E6 /* VitesseTests.xctest */ = {isa = PBXFileReference; explicitFileType = wrapper.cfbundle; includeInIndex = 0; path = VitesseTests.xctest; sourceTree = BUILT_PRODUCTS_DIR; };
		239640B62C172FDE00F123E6 /* LoginTests.swift */ = {isa = PBXFileReference; lastKnownFileType = sourcecode.swift; path = LoginTests.swift; sourceTree = "<group>"; };
		23C0FC012BFF785F004A5D9C /* CandidateManagement.swift */ = {isa = PBXFileReference; lastKnownFileType = sourcecode.swift; path = CandidateManagement.swift; sourceTree = "<group>"; };
		23C0FC032BFF7E98004A5D9C /* CandidateDataManager.swift */ = {isa = PBXFileReference; lastKnownFileType = sourcecode.swift; path = CandidateDataManager.swift; sourceTree = "<group>"; };
		23C0FC052BFF87D6004A5D9C /* CandidateListViewModel.swift */ = {isa = PBXFileReference; lastKnownFileType = sourcecode.swift; path = CandidateListViewModel.swift; sourceTree = "<group>"; };
		23C0FC072BFF98CE004A5D9C /* CandidateDetailsManagerVieModel.swift */ = {isa = PBXFileReference; lastKnownFileType = sourcecode.swift; path = CandidateDetailsManagerVieModel.swift; sourceTree = "<group>"; };
		23D1FE842BF74C2500F3FA1E /* Keychain.swift */ = {isa = PBXFileReference; lastKnownFileType = sourcecode.swift; path = Keychain.swift; sourceTree = "<group>"; };
		23D1FE862BF74CB700F3FA1E /* TokenStore.swift */ = {isa = PBXFileReference; lastKnownFileType = sourcecode.swift; path = TokenStore.swift; sourceTree = "<group>"; };
		23D1FE8A2BF7BDAD00F3FA1E /* CandidateInformation.swift */ = {isa = PBXFileReference; lastKnownFileType = sourcecode.swift; path = CandidateInformation.swift; sourceTree = "<group>"; };
		23D3BAE12C2199F7007C58A7 /* KeychainTests.swift */ = {isa = PBXFileReference; lastKnownFileType = sourcecode.swift; path = KeychainTests.swift; sourceTree = "<group>"; };
		23D3BAE32C222B1C007C58A7 /* CandidateDetailsManagerViewModelTests.swift */ = {isa = PBXFileReference; lastKnownFileType = sourcecode.swift; path = CandidateDetailsManagerViewModelTests.swift; sourceTree = "<group>"; };
		23D88E492C1A0C4C00DD73E7 /* RegisterViewModelTests.swift */ = {isa = PBXFileReference; lastKnownFileType = sourcecode.swift; path = RegisterViewModelTests.swift; sourceTree = "<group>"; };
		23D8A2962BF4DAF9006FC31E /* JSONAuthentification.swift */ = {isa = PBXFileReference; lastKnownFileType = sourcecode.swift; path = JSONAuthentification.swift; sourceTree = "<group>"; };
		23D8A2982BF509B1006FC31E /* RegistrationView.swift */ = {isa = PBXFileReference; lastKnownFileType = sourcecode.swift; path = RegistrationView.swift; sourceTree = "<group>"; };
		23E2DD0D2BF3A49900C28A1F /* LoginViewModel.swift */ = {isa = PBXFileReference; lastKnownFileType = sourcecode.swift; path = LoginViewModel.swift; sourceTree = "<group>"; };
		23E2DD0F2BF3A8D100C28A1F /* VitesseViewModel.swift */ = {isa = PBXFileReference; lastKnownFileType = sourcecode.swift; path = VitesseViewModel.swift; sourceTree = "<group>"; };
		23E2DD112BF3B69E00C28A1F /* CandidatesListView.swift */ = {isa = PBXFileReference; lastKnownFileType = sourcecode.swift; path = CandidatesListView.swift; sourceTree = "<group>"; };
		23E2DD132BF3B7A300C28A1F /* HTTPService.swift */ = {isa = PBXFileReference; lastKnownFileType = sourcecode.swift; path = HTTPService.swift; sourceTree = "<group>"; };
		23E2DD152BF3B82B00C28A1F /* URLSessionHTTPClient.swift */ = {isa = PBXFileReference; lastKnownFileType = sourcecode.swift; path = URLSessionHTTPClient.swift; sourceTree = "<group>"; };
		23E2DD1C2BF3CB1900C28A1F /* LoginJSONModel.swift */ = {isa = PBXFileReference; lastKnownFileType = sourcecode.swift; path = LoginJSONModel.swift; sourceTree = "<group>"; };
		23E2DD1E2BF3D2D300C28A1F /* AuthenticationManager.swift */ = {isa = PBXFileReference; lastKnownFileType = sourcecode.swift; path = AuthenticationManager.swift; sourceTree = "<group>"; };
		23E8F3302C1855A600008C9E /* RegistreTests.swift */ = {isa = PBXFileReference; lastKnownFileType = sourcecode.swift; path = RegistreTests.swift; sourceTree = "<group>"; };
		23E8F3352C18796200008C9E /* CandidateDataManagerTests.swift */ = {isa = PBXFileReference; lastKnownFileType = sourcecode.swift; path = CandidateDataManagerTests.swift; sourceTree = "<group>"; };
		23E9EB952BFDFD09004B0366 /* CandidateDetailsView.swift */ = {isa = PBXFileReference; fileEncoding = 4; lastKnownFileType = sourcecode.swift; path = CandidateDetailsView.swift; sourceTree = "<group>"; };
		23ED074F2BF61C61006FECD3 /* RegistrationRequestBuilder.swift */ = {isa = PBXFileReference; lastKnownFileType = sourcecode.swift; path = RegistrationRequestBuilder.swift; sourceTree = "<group>"; };
		23ED07512BF61E85006FECD3 /* RegistrationRequestBody.swift */ = {isa = PBXFileReference; lastKnownFileType = sourcecode.swift; path = RegistrationRequestBody.swift; sourceTree = "<group>"; };
		23ED07532BF641AA006FECD3 /* RegisterViewModel.swift */ = {isa = PBXFileReference; lastKnownFileType = sourcecode.swift; path = RegisterViewModel.swift; sourceTree = "<group>"; };
/* End PBXFileReference section */

/* Begin PBXFrameworksBuildPhase section */
		234BDF822BEFEC7E00C96E42 /* Frameworks */ = {
			isa = PBXFrameworksBuildPhase;
			buildActionMask = 2147483647;
			files = (
			);
			runOnlyForDeploymentPostprocessing = 0;
		};
		239640B12C172FDE00F123E6 /* Frameworks */ = {
			isa = PBXFrameworksBuildPhase;
			buildActionMask = 2147483647;
			files = (
			);
			runOnlyForDeploymentPostprocessing = 0;
		};
/* End PBXFrameworksBuildPhase section */

/* Begin PBXGroup section */
		233AB8872C19EF4C005DEC2B /* Login */ = {
			isa = PBXGroup;
			children = (
				233AB8882C19EF6E005DEC2B /* LoginViewModelTests.swift */,
			);
			path = Login;
			sourceTree = "<group>";
		};
		233AB88A2C19EF79005DEC2B /* Registre */ = {
			isa = PBXGroup;
			children = (
				23D88E492C1A0C4C00DD73E7 /* RegisterViewModelTests.swift */,
			);
			path = Registre;
			sourceTree = "<group>";
		};
		233AB88C2C19EF90005DEC2B /* Candidate */ = {
			isa = PBXGroup;
			children = (
				238F3B822C1A2D70000269ED /* CandidateListViewModelTests.swift */,
				23D3BAE32C222B1C007C58A7 /* CandidateDetailsManagerViewModelTests.swift */,
			);
			path = Candidate;
			sourceTree = "<group>";
		};
		234BDF7C2BEFEC7D00C96E42 = {
			isa = PBXGroup;
			children = (
				234BDF872BEFEC7E00C96E42 /* Vitesse */,
				239640B52C172FDE00F123E6 /* VitesseTests */,
				234BDF862BEFEC7E00C96E42 /* Products */,
			);
			sourceTree = "<group>";
		};
		234BDF862BEFEC7E00C96E42 /* Products */ = {
			isa = PBXGroup;
			children = (
				234BDF852BEFEC7E00C96E42 /* Vitesse.app */,
				239640B42C172FDE00F123E6 /* VitesseTests.xctest */,
			);
			name = Products;
			sourceTree = "<group>";
		};
		234BDF872BEFEC7E00C96E42 /* Vitesse */ = {
			isa = PBXGroup;
			children = (
				2333A3F02C06326C006DD812 /* Info.plist */,
				23E2DD092BF3603900C28A1F /* Model */,
				23E2DD0B2BF3604700C28A1F /* View */,
				23E2DD0A2BF3604000C28A1F /* ViewModel */,
				234BDF882BEFEC7E00C96E42 /* VitesseApp.swift */,
				234BDF8C2BEFEC8500C96E42 /* Assets.xcassets */,
				234BDF8E2BEFEC8500C96E42 /* Preview Content */,
				2333A3F12C0633F1006DD812 /* Storyboard.storyboard */,
			);
			path = Vitesse;
			sourceTree = "<group>";
		};
		234BDF8E2BEFEC8500C96E42 /* Preview Content */ = {
			isa = PBXGroup;
			children = (
				234BDF8F2BEFEC8500C96E42 /* Preview Assets.xcassets */,
			);
			path = "Preview Content";
			sourceTree = "<group>";
		};
		239640B52C172FDE00F123E6 /* VitesseTests */ = {
			isa = PBXGroup;
			children = (
				23E8F3272C18511200008C9E /* ViewModel */,
				239640BD2C17301900F123E6 /* Model */,
			);
			path = VitesseTests;
			sourceTree = "<group>";
		};
		239640BD2C17301900F123E6 /* Model */ = {
			isa = PBXGroup;
			children = (
				23D3BAE02C2199CE007C58A7 /* Keychain */,
				23E8F3342C18793C00008C9E /* Login */,
				23E8F3332C18793300008C9E /* Registre */,
				23E8F3322C18792A00008C9E /* Candidate */,
			);
			path = Model;
			sourceTree = "<group>";
		};
		23D1FE832BF7485900F3FA1E /* Keychain */ = {
			isa = PBXGroup;
			children = (
				23D1FE842BF74C2500F3FA1E /* Keychain.swift */,
				23D1FE862BF74CB700F3FA1E /* TokenStore.swift */,
			);
			path = Keychain;
			sourceTree = "<group>";
		};
		23D3BAE02C2199CE007C58A7 /* Keychain */ = {
			isa = PBXGroup;
			children = (
				23D3BAE12C2199F7007C58A7 /* KeychainTests.swift */,
			);
			path = Keychain;
			sourceTree = "<group>";
		};
		23E2DD092BF3603900C28A1F /* Model */ = {
			isa = PBXGroup;
			children = (
				23D1FE832BF7485900F3FA1E /* Keychain */,
				23ED074E2BF61A61006FECD3 /* Candidate */,
				23ED074D2BF61A4B006FECD3 /* Registre */,
				23E2DD192BF3CAA000C28A1F /* Login */,
				23E2DD0C2BF39D8C00C28A1F /* Protocols */,
			);
			path = Model;
			sourceTree = "<group>";
		};
		23E2DD0A2BF3604000C28A1F /* ViewModel */ = {
			isa = PBXGroup;
			children = (
				23E9EBA12BFE401C004B0366 /* Registre */,
				23E9EBA02BFE4007004B0366 /* Login */,
				23E9EB9B2BFE3569004B0366 /* Candidate */,
				23E2DD0F2BF3A8D100C28A1F /* VitesseViewModel.swift */,
			);
			path = ViewModel;
			sourceTree = "<group>";
		};
		23E2DD0B2BF3604700C28A1F /* View */ = {
			isa = PBXGroup;
			children = (
				23E9EB952BFDFD09004B0366 /* CandidateDetailsView.swift */,
				234BDF8A2BEFEC7E00C96E42 /* LoginView.swift */,
				23E2DD112BF3B69E00C28A1F /* CandidatesListView.swift */,
				23D8A2982BF509B1006FC31E /* RegistrationView.swift */,
			);
			path = View;
			sourceTree = "<group>";
		};
		23E2DD0C2BF39D8C00C28A1F /* Protocols */ = {
			isa = PBXGroup;
			children = (
				23E2DD132BF3B7A300C28A1F /* HTTPService.swift */,
				23E2DD152BF3B82B00C28A1F /* URLSessionHTTPClient.swift */,
			);
			path = Protocols;
			sourceTree = "<group>";
		};
		23E2DD192BF3CAA000C28A1F /* Login */ = {
			isa = PBXGroup;
			children = (
				23E2DD1C2BF3CB1900C28A1F /* LoginJSONModel.swift */,
				23E2DD1E2BF3D2D300C28A1F /* AuthenticationManager.swift */,
				23D8A2962BF4DAF9006FC31E /* JSONAuthentification.swift */,
			);
			path = Login;
			sourceTree = "<group>";
		};
		23E8F3272C18511200008C9E /* ViewModel */ = {
			isa = PBXGroup;
			children = (
				233AB88C2C19EF90005DEC2B /* Candidate */,
				233AB88A2C19EF79005DEC2B /* Registre */,
				233AB8872C19EF4C005DEC2B /* Login */,
			);
			path = ViewModel;
			sourceTree = "<group>";
		};
		23E8F3322C18792A00008C9E /* Candidate */ = {
			isa = PBXGroup;
			children = (
				23E8F3352C18796200008C9E /* CandidateDataManagerTests.swift */,
				233AB8852C19CB1C005DEC2B /* CandidateManagementTests.swift */,
			);
			path = Candidate;
			sourceTree = "<group>";
		};
		23E8F3332C18793300008C9E /* Registre */ = {
			isa = PBXGroup;
			children = (
				23E8F3302C1855A600008C9E /* RegistreTests.swift */,
			);
			path = Registre;
			sourceTree = "<group>";
		};
		23E8F3342C18793C00008C9E /* Login */ = {
			isa = PBXGroup;
			children = (
				239640B62C172FDE00F123E6 /* LoginTests.swift */,
			);
			path = Login;
			sourceTree = "<group>";
		};
		23E9EB9B2BFE3569004B0366 /* Candidate */ = {
			isa = PBXGroup;
			children = (
				23C0FC052BFF87D6004A5D9C /* CandidateListViewModel.swift */,
				23C0FC072BFF98CE004A5D9C /* CandidateDetailsManagerVieModel.swift */,
			);
			path = Candidate;
			sourceTree = "<group>";
		};
		23E9EBA02BFE4007004B0366 /* Login */ = {
			isa = PBXGroup;
			children = (
				23E2DD0D2BF3A49900C28A1F /* LoginViewModel.swift */,
			);
			path = Login;
			sourceTree = "<group>";
		};
		23E9EBA12BFE401C004B0366 /* Registre */ = {
			isa = PBXGroup;
			children = (
				23ED07532BF641AA006FECD3 /* RegisterViewModel.swift */,
			);
			path = Registre;
			sourceTree = "<group>";
		};
		23ED074D2BF61A4B006FECD3 /* Registre */ = {
			isa = PBXGroup;
			children = (
				23ED074F2BF61C61006FECD3 /* RegistrationRequestBuilder.swift */,
				23ED07512BF61E85006FECD3 /* RegistrationRequestBody.swift */,
			);
			path = Registre;
			sourceTree = "<group>";
		};
		23ED074E2BF61A61006FECD3 /* Candidate */ = {
			isa = PBXGroup;
			children = (
				23D1FE8A2BF7BDAD00F3FA1E /* CandidateInformation.swift */,
				23C0FC012BFF785F004A5D9C /* CandidateManagement.swift */,
				23C0FC032BFF7E98004A5D9C /* CandidateDataManager.swift */,
			);
			path = Candidate;
			sourceTree = "<group>";
		};
/* End PBXGroup section */

/* Begin PBXNativeTarget section */
		234BDF842BEFEC7E00C96E42 /* Vitesse */ = {
			isa = PBXNativeTarget;
			buildConfigurationList = 234BDFA92BEFEC8500C96E42 /* Build configuration list for PBXNativeTarget "Vitesse" */;
			buildPhases = (
				234BDF812BEFEC7E00C96E42 /* Sources */,
				234BDF822BEFEC7E00C96E42 /* Frameworks */,
				234BDF832BEFEC7E00C96E42 /* Resources */,
			);
			buildRules = (
			);
			dependencies = (
			);
			name = Vitesse;
			productName = Vitesse;
			productReference = 234BDF852BEFEC7E00C96E42 /* Vitesse.app */;
			productType = "com.apple.product-type.application";
		};
		239640B32C172FDE00F123E6 /* VitesseTests */ = {
			isa = PBXNativeTarget;
			buildConfigurationList = 239640BA2C172FDE00F123E6 /* Build configuration list for PBXNativeTarget "VitesseTests" */;
			buildPhases = (
				239640B02C172FDE00F123E6 /* Sources */,
				239640B12C172FDE00F123E6 /* Frameworks */,
				239640B22C172FDE00F123E6 /* Resources */,
			);
			buildRules = (
			);
			dependencies = (
				239640B92C172FDE00F123E6 /* PBXTargetDependency */,
			);
			name = VitesseTests;
			productName = LoginTests;
			productReference = 239640B42C172FDE00F123E6 /* VitesseTests.xctest */;
			productType = "com.apple.product-type.bundle.unit-test";
		};
/* End PBXNativeTarget section */

/* Begin PBXProject section */
		234BDF7D2BEFEC7E00C96E42 /* Project object */ = {
			isa = PBXProject;
			attributes = {
				BuildIndependentTargetsInParallel = 1;
				LastSwiftUpdateCheck = 1420;
				LastUpgradeCheck = 1420;
				TargetAttributes = {
					234BDF842BEFEC7E00C96E42 = {
						CreatedOnToolsVersion = 14.2;
					};
					239640B32C172FDE00F123E6 = {
						CreatedOnToolsVersion = 14.2;
						TestTargetID = 234BDF842BEFEC7E00C96E42;
					};
				};
			};
			buildConfigurationList = 234BDF802BEFEC7E00C96E42 /* Build configuration list for PBXProject "Vitesse" */;
			compatibilityVersion = "Xcode 14.0";
			developmentRegion = en;
			hasScannedForEncodings = 0;
			knownRegions = (
				en,
				Base,
			);
			mainGroup = 234BDF7C2BEFEC7D00C96E42;
			productRefGroup = 234BDF862BEFEC7E00C96E42 /* Products */;
			projectDirPath = "";
			projectRoot = "";
			targets = (
				234BDF842BEFEC7E00C96E42 /* Vitesse */,
				239640B32C172FDE00F123E6 /* VitesseTests */,
			);
		};
/* End PBXProject section */

/* Begin PBXResourcesBuildPhase section */
		234BDF832BEFEC7E00C96E42 /* Resources */ = {
			isa = PBXResourcesBuildPhase;
			buildActionMask = 2147483647;
			files = (
				2333A3F22C0633F1006DD812 /* Storyboard.storyboard in Resources */,
				234BDF902BEFEC8500C96E42 /* Preview Assets.xcassets in Resources */,
				234BDF8D2BEFEC8500C96E42 /* Assets.xcassets in Resources */,
			);
			runOnlyForDeploymentPostprocessing = 0;
		};
		239640B22C172FDE00F123E6 /* Resources */ = {
			isa = PBXResourcesBuildPhase;
			buildActionMask = 2147483647;
			files = (
			);
			runOnlyForDeploymentPostprocessing = 0;
		};
/* End PBXResourcesBuildPhase section */

/* Begin PBXSourcesBuildPhase section */
		234BDF812BEFEC7E00C96E42 /* Sources */ = {
			isa = PBXSourcesBuildPhase;
			buildActionMask = 2147483647;
			files = (
				23D1FE8B2BF7BDAD00F3FA1E /* CandidateInformation.swift in Sources */,
				23E2DD122BF3B69E00C28A1F /* CandidatesListView.swift in Sources */,
				23ED07542BF641AA006FECD3 /* RegisterViewModel.swift in Sources */,
				23E2DD1F2BF3D2D300C28A1F /* AuthenticationManager.swift in Sources */,
				23E2DD102BF3A8D200C28A1F /* VitesseViewModel.swift in Sources */,
				23C0FC082BFF98CE004A5D9C /* CandidateDetailsManagerVieModel.swift in Sources */,
				234BDF8B2BEFEC7E00C96E42 /* LoginView.swift in Sources */,
				23E2DD1D2BF3CB1900C28A1F /* LoginJSONModel.swift in Sources */,
				23E2DD142BF3B7A300C28A1F /* HTTPService.swift in Sources */,
				23E9EB962BFDFD09004B0366 /* CandidateDetailsView.swift in Sources */,
				23D8A2972BF4DAF9006FC31E /* JSONAuthentification.swift in Sources */,
				234BDF892BEFEC7E00C96E42 /* VitesseApp.swift in Sources */,
				23C0FC022BFF785F004A5D9C /* CandidateManagement.swift in Sources */,
				23D1FE872BF74CB700F3FA1E /* TokenStore.swift in Sources */,
				23ED07522BF61E85006FECD3 /* RegistrationRequestBody.swift in Sources */,
				23ED07502BF61C61006FECD3 /* RegistrationRequestBuilder.swift in Sources */,
				23E2DD162BF3B82B00C28A1F /* URLSessionHTTPClient.swift in Sources */,
				23D8A2992BF509B1006FC31E /* RegistrationView.swift in Sources */,
				23E2DD0E2BF3A49900C28A1F /* LoginViewModel.swift in Sources */,
				23C0FC042BFF7E98004A5D9C /* CandidateDataManager.swift in Sources */,
				23D1FE852BF74C2500F3FA1E /* Keychain.swift in Sources */,
				23C0FC062BFF87D7004A5D9C /* CandidateListViewModel.swift in Sources */,
			);
			runOnlyForDeploymentPostprocessing = 0;
		};
		239640B02C172FDE00F123E6 /* Sources */ = {
			isa = PBXSourcesBuildPhase;
			buildActionMask = 2147483647;
			files = (
				233AB8892C19EF6E005DEC2B /* LoginViewModelTests.swift in Sources */,
				23E8F3362C18796200008C9E /* CandidateDataManagerTests.swift in Sources */,
				23D3BAE42C222B1C007C58A7 /* CandidateDetailsManagerViewModelTests.swift in Sources */,
				23E8F3312C1855A600008C9E /* RegistreTests.swift in Sources */,
				23D88E4A2C1A0C4C00DD73E7 /* RegisterViewModelTests.swift in Sources */,
				233AB8862C19CB1C005DEC2B /* CandidateManagementTests.swift in Sources */,
				23D3BAE22C2199F7007C58A7 /* KeychainTests.swift in Sources */,
				239640B72C172FDE00F123E6 /* LoginTests.swift in Sources */,
				238F3B832C1A2D70000269ED /* CandidateListViewModelTests.swift in Sources */,
			);
			runOnlyForDeploymentPostprocessing = 0;
		};
/* End PBXSourcesBuildPhase section */

/* Begin PBXTargetDependency section */
		239640B92C172FDE00F123E6 /* PBXTargetDependency */ = {
			isa = PBXTargetDependency;
			target = 234BDF842BEFEC7E00C96E42 /* Vitesse */;
			targetProxy = 239640B82C172FDE00F123E6 /* PBXContainerItemProxy */;
		};
/* End PBXTargetDependency section */

/* Begin XCBuildConfiguration section */
		234BDFA72BEFEC8500C96E42 /* Debug */ = {
			isa = XCBuildConfiguration;
			buildSettings = {
				ALWAYS_SEARCH_USER_PATHS = NO;
				CLANG_ANALYZER_NONNULL = YES;
				CLANG_ANALYZER_NUMBER_OBJECT_CONVERSION = YES_AGGRESSIVE;
				CLANG_CXX_LANGUAGE_STANDARD = "gnu++20";
				CLANG_ENABLE_MODULES = YES;
				CLANG_ENABLE_OBJC_ARC = YES;
				CLANG_ENABLE_OBJC_WEAK = YES;
				CLANG_WARN_BLOCK_CAPTURE_AUTORELEASING = YES;
				CLANG_WARN_BOOL_CONVERSION = YES;
				CLANG_WARN_COMMA = YES;
				CLANG_WARN_CONSTANT_CONVERSION = YES;
				CLANG_WARN_DEPRECATED_OBJC_IMPLEMENTATIONS = YES;
				CLANG_WARN_DIRECT_OBJC_ISA_USAGE = YES_ERROR;
				CLANG_WARN_DOCUMENTATION_COMMENTS = YES;
				CLANG_WARN_EMPTY_BODY = YES;
				CLANG_WARN_ENUM_CONVERSION = YES;
				CLANG_WARN_INFINITE_RECURSION = YES;
				CLANG_WARN_INT_CONVERSION = YES;
				CLANG_WARN_NON_LITERAL_NULL_CONVERSION = YES;
				CLANG_WARN_OBJC_IMPLICIT_RETAIN_SELF = YES;
				CLANG_WARN_OBJC_LITERAL_CONVERSION = YES;
				CLANG_WARN_OBJC_ROOT_CLASS = YES_ERROR;
				CLANG_WARN_QUOTED_INCLUDE_IN_FRAMEWORK_HEADER = YES;
				CLANG_WARN_RANGE_LOOP_ANALYSIS = YES;
				CLANG_WARN_STRICT_PROTOTYPES = YES;
				CLANG_WARN_SUSPICIOUS_MOVE = YES;
				CLANG_WARN_UNGUARDED_AVAILABILITY = YES_AGGRESSIVE;
				CLANG_WARN_UNREACHABLE_CODE = YES;
				CLANG_WARN__DUPLICATE_METHOD_MATCH = YES;
				COPY_PHASE_STRIP = NO;
				DEBUG_INFORMATION_FORMAT = dwarf;
				ENABLE_STRICT_OBJC_MSGSEND = YES;
				ENABLE_TESTABILITY = YES;
				GCC_C_LANGUAGE_STANDARD = gnu11;
				GCC_DYNAMIC_NO_PIC = NO;
				GCC_NO_COMMON_BLOCKS = YES;
				GCC_OPTIMIZATION_LEVEL = 0;
				GCC_PREPROCESSOR_DEFINITIONS = (
					"DEBUG=1",
					"$(inherited)",
				);
				GCC_WARN_64_TO_32_BIT_CONVERSION = YES;
				GCC_WARN_ABOUT_RETURN_TYPE = YES_ERROR;
				GCC_WARN_UNDECLARED_SELECTOR = YES;
				GCC_WARN_UNINITIALIZED_AUTOS = YES_AGGRESSIVE;
				GCC_WARN_UNUSED_FUNCTION = YES;
				GCC_WARN_UNUSED_VARIABLE = YES;
				IPHONEOS_DEPLOYMENT_TARGET = 16.2;
				MTL_ENABLE_DEBUG_INFO = INCLUDE_SOURCE;
				MTL_FAST_MATH = YES;
				ONLY_ACTIVE_ARCH = YES;
				SDKROOT = iphoneos;
				SWIFT_ACTIVE_COMPILATION_CONDITIONS = DEBUG;
				SWIFT_OPTIMIZATION_LEVEL = "-Onone";
			};
			name = Debug;
		};
		234BDFA82BEFEC8500C96E42 /* Release */ = {
			isa = XCBuildConfiguration;
			buildSettings = {
				ALWAYS_SEARCH_USER_PATHS = NO;
				CLANG_ANALYZER_NONNULL = YES;
				CLANG_ANALYZER_NUMBER_OBJECT_CONVERSION = YES_AGGRESSIVE;
				CLANG_CXX_LANGUAGE_STANDARD = "gnu++20";
				CLANG_ENABLE_MODULES = YES;
				CLANG_ENABLE_OBJC_ARC = YES;
				CLANG_ENABLE_OBJC_WEAK = YES;
				CLANG_WARN_BLOCK_CAPTURE_AUTORELEASING = YES;
				CLANG_WARN_BOOL_CONVERSION = YES;
				CLANG_WARN_COMMA = YES;
				CLANG_WARN_CONSTANT_CONVERSION = YES;
				CLANG_WARN_DEPRECATED_OBJC_IMPLEMENTATIONS = YES;
				CLANG_WARN_DIRECT_OBJC_ISA_USAGE = YES_ERROR;
				CLANG_WARN_DOCUMENTATION_COMMENTS = YES;
				CLANG_WARN_EMPTY_BODY = YES;
				CLANG_WARN_ENUM_CONVERSION = YES;
				CLANG_WARN_INFINITE_RECURSION = YES;
				CLANG_WARN_INT_CONVERSION = YES;
				CLANG_WARN_NON_LITERAL_NULL_CONVERSION = YES;
				CLANG_WARN_OBJC_IMPLICIT_RETAIN_SELF = YES;
				CLANG_WARN_OBJC_LITERAL_CONVERSION = YES;
				CLANG_WARN_OBJC_ROOT_CLASS = YES_ERROR;
				CLANG_WARN_QUOTED_INCLUDE_IN_FRAMEWORK_HEADER = YES;
				CLANG_WARN_RANGE_LOOP_ANALYSIS = YES;
				CLANG_WARN_STRICT_PROTOTYPES = YES;
				CLANG_WARN_SUSPICIOUS_MOVE = YES;
				CLANG_WARN_UNGUARDED_AVAILABILITY = YES_AGGRESSIVE;
				CLANG_WARN_UNREACHABLE_CODE = YES;
				CLANG_WARN__DUPLICATE_METHOD_MATCH = YES;
				COPY_PHASE_STRIP = NO;
				DEBUG_INFORMATION_FORMAT = "dwarf-with-dsym";
				ENABLE_NS_ASSERTIONS = NO;
				ENABLE_STRICT_OBJC_MSGSEND = YES;
				GCC_C_LANGUAGE_STANDARD = gnu11;
				GCC_NO_COMMON_BLOCKS = YES;
				GCC_WARN_64_TO_32_BIT_CONVERSION = YES;
				GCC_WARN_ABOUT_RETURN_TYPE = YES_ERROR;
				GCC_WARN_UNDECLARED_SELECTOR = YES;
				GCC_WARN_UNINITIALIZED_AUTOS = YES_AGGRESSIVE;
				GCC_WARN_UNUSED_FUNCTION = YES;
				GCC_WARN_UNUSED_VARIABLE = YES;
				IPHONEOS_DEPLOYMENT_TARGET = 16.2;
				MTL_ENABLE_DEBUG_INFO = NO;
				MTL_FAST_MATH = YES;
				SDKROOT = iphoneos;
				SWIFT_COMPILATION_MODE = wholemodule;
				SWIFT_OPTIMIZATION_LEVEL = "-O";
				VALIDATE_PRODUCT = YES;
			};
			name = Release;
		};
		234BDFAA2BEFEC8500C96E42 /* Debug */ = {
			isa = XCBuildConfiguration;
			buildSettings = {
				ASSETCATALOG_COMPILER_APPICON_NAME = AppIcon;
				ASSETCATALOG_COMPILER_GLOBAL_ACCENT_COLOR_NAME = AccentColor;
				CODE_SIGN_STYLE = Automatic;
				CURRENT_PROJECT_VERSION = 1;
				DEVELOPMENT_ASSET_PATHS = "\"Vitesse/Preview Content\"";
				DEVELOPMENT_TEAM = 99UMC25BBL;
				ENABLE_PREVIEWS = YES;
				GENERATE_INFOPLIST_FILE = YES;
				INFOPLIST_FILE = Vitesse/Info.plist;
				INFOPLIST_KEY_UIApplicationSceneManifest_Generation = YES;
				INFOPLIST_KEY_UIApplicationSupportsIndirectInputEvents = YES;
				INFOPLIST_KEY_UISupportedInterfaceOrientations_iPad = "UIInterfaceOrientationPortrait UIInterfaceOrientationPortraitUpsideDown UIInterfaceOrientationLandscapeLeft UIInterfaceOrientationLandscapeRight";
				INFOPLIST_KEY_UISupportedInterfaceOrientations_iPhone = "UIInterfaceOrientationPortrait UIInterfaceOrientationLandscapeLeft UIInterfaceOrientationLandscapeRight";
				LD_RUNPATH_SEARCH_PATHS = (
					"$(inherited)",
					"@executable_path/Frameworks",
				);
				MARKETING_VERSION = 1.0;
				PRODUCT_BUNDLE_IDENTIFIER = "Aimants-d-Animaux.Vitesse";
				PRODUCT_NAME = "$(TARGET_NAME)";
				SWIFT_EMIT_LOC_STRINGS = YES;
				SWIFT_VERSION = 5.0;
				TARGETED_DEVICE_FAMILY = "1,2";
			};
			name = Debug;
		};
		234BDFAB2BEFEC8500C96E42 /* Release */ = {
			isa = XCBuildConfiguration;
			buildSettings = {
				ASSETCATALOG_COMPILER_APPICON_NAME = AppIcon;
				ASSETCATALOG_COMPILER_GLOBAL_ACCENT_COLOR_NAME = AccentColor;
				CODE_SIGN_STYLE = Automatic;
				CURRENT_PROJECT_VERSION = 1;
				DEVELOPMENT_ASSET_PATHS = "\"Vitesse/Preview Content\"";
				DEVELOPMENT_TEAM = 99UMC25BBL;
				ENABLE_PREVIEWS = YES;
				GENERATE_INFOPLIST_FILE = YES;
				INFOPLIST_FILE = Vitesse/Info.plist;
				INFOPLIST_KEY_UIApplicationSceneManifest_Generation = YES;
				INFOPLIST_KEY_UIApplicationSupportsIndirectInputEvents = YES;
				INFOPLIST_KEY_UISupportedInterfaceOrientations_iPad = "UIInterfaceOrientationPortrait UIInterfaceOrientationPortraitUpsideDown UIInterfaceOrientationLandscapeLeft UIInterfaceOrientationLandscapeRight";
				INFOPLIST_KEY_UISupportedInterfaceOrientations_iPhone = "UIInterfaceOrientationPortrait UIInterfaceOrientationLandscapeLeft UIInterfaceOrientationLandscapeRight";
				LD_RUNPATH_SEARCH_PATHS = (
					"$(inherited)",
					"@executable_path/Frameworks",
				);
				MARKETING_VERSION = 1.0;
				PRODUCT_BUNDLE_IDENTIFIER = "Aimants-d-Animaux.Vitesse";
				PRODUCT_NAME = "$(TARGET_NAME)";
				SWIFT_EMIT_LOC_STRINGS = YES;
				SWIFT_VERSION = 5.0;
				TARGETED_DEVICE_FAMILY = "1,2";
			};
			name = Release;
		};
		239640BB2C172FDE00F123E6 /* Debug */ = {
			isa = XCBuildConfiguration;
			buildSettings = {
				BUNDLE_LOADER = "$(TEST_HOST)";
				CODE_SIGN_STYLE = Automatic;
				CURRENT_PROJECT_VERSION = 1;
				DEVELOPMENT_TEAM = 99UMC25BBL;
				GENERATE_INFOPLIST_FILE = YES;
				MARKETING_VERSION = 1.0;
				PRODUCT_BUNDLE_IDENTIFIER = "Aimants-d-Animaux.LoginTests";
				PRODUCT_NAME = "$(TARGET_NAME)";
				SWIFT_EMIT_LOC_STRINGS = NO;
				SWIFT_VERSION = 5.0;
				TARGETED_DEVICE_FAMILY = "1,2";
				TEST_HOST = "$(BUILT_PRODUCTS_DIR)/Vitesse.app/$(BUNDLE_EXECUTABLE_FOLDER_PATH)/Vitesse";
			};
			name = Debug;
		};
		239640BC2C172FDE00F123E6 /* Release */ = {
			isa = XCBuildConfiguration;
			buildSettings = {
				BUNDLE_LOADER = "$(TEST_HOST)";
				CODE_SIGN_STYLE = Automatic;
				CURRENT_PROJECT_VERSION = 1;
				DEVELOPMENT_TEAM = 99UMC25BBL;
				GENERATE_INFOPLIST_FILE = YES;
				MARKETING_VERSION = 1.0;
				PRODUCT_BUNDLE_IDENTIFIER = "Aimants-d-Animaux.LoginTests";
				PRODUCT_NAME = "$(TARGET_NAME)";
				SWIFT_EMIT_LOC_STRINGS = NO;
				SWIFT_VERSION = 5.0;
				TARGETED_DEVICE_FAMILY = "1,2";
				TEST_HOST = "$(BUILT_PRODUCTS_DIR)/Vitesse.app/$(BUNDLE_EXECUTABLE_FOLDER_PATH)/Vitesse";
			};
			name = Release;
		};
/* End XCBuildConfiguration section */

/* Begin XCConfigurationList section */
		234BDF802BEFEC7E00C96E42 /* Build configuration list for PBXProject "Vitesse" */ = {
			isa = XCConfigurationList;
			buildConfigurations = (
				234BDFA72BEFEC8500C96E42 /* Debug */,
				234BDFA82BEFEC8500C96E42 /* Release */,
			);
			defaultConfigurationIsVisible = 0;
			defaultConfigurationName = Release;
		};
		234BDFA92BEFEC8500C96E42 /* Build configuration list for PBXNativeTarget "Vitesse" */ = {
			isa = XCConfigurationList;
			buildConfigurations = (
				234BDFAA2BEFEC8500C96E42 /* Debug */,
				234BDFAB2BEFEC8500C96E42 /* Release */,
			);
			defaultConfigurationIsVisible = 0;
			defaultConfigurationName = Release;
		};
		239640BA2C172FDE00F123E6 /* Build configuration list for PBXNativeTarget "VitesseTests" */ = {
			isa = XCConfigurationList;
			buildConfigurations = (
				239640BB2C172FDE00F123E6 /* Debug */,
				239640BC2C172FDE00F123E6 /* Release */,
			);
			defaultConfigurationIsVisible = 0;
			defaultConfigurationName = Release;
		};
/* End XCConfigurationList section */
	};
	rootObject = 234BDF7D2BEFEC7E00C96E42 /* Project object */;
}
